<?xml version="1.0" encoding="utf-8"?>
<Project ToolsVersion="4.0" xmlns="http://schemas.microsoft.com/developer/msbuild/2003">
  <ItemGroup>
    <Filter Include="源文件">
      <UniqueIdentifier>{4FC737F1-C7A5-4376-A066-2A32D752A2FF}</UniqueIdentifier>
      <Extensions>cpp;c;cc;cxx;def;odl;idl;hpj;bat;asm;asmx</Extensions>
    </Filter>
    <Filter Include="头文件">
      <UniqueIdentifier>{93995380-89BD-4b04-88EB-625FBE52EBFB}</UniqueIdentifier>
      <Extensions>h;hh;hpp;hxx;hm;inl;inc;xsd</Extensions>
    </Filter>
    <Filter Include="资源文件">
      <UniqueIdentifier>{67DA6AB6-F800-4c08-8B7A-83BB121AAD01}</UniqueIdentifier>
      <Extensions>rc;ico;cur;bmp;dlg;rc2;rct;bin;rgs;gif;jpg;jpeg;jpe;resx;tiff;tif;png;wav;mfcribbon-ms</Extensions>
    </Filter>
    <Filter Include="Shape">
      <UniqueIdentifier>{a120bbab-688a-4402-a963-bec0b3fd5840}</UniqueIdentifier>
    </Filter>
    <Filter Include="Operator">
      <UniqueIdentifier>{76acaed3-e5c7-4720-82e9-80a9d8860bf1}</UniqueIdentifier>
    </Filter>
  </ItemGroup>
  <ItemGroup>
    <Text Include="ReadMe.txt" />
  </ItemGroup>
  <ItemGroup>
    <ClInclude Include="CR28CAD.h">
      <Filter>头文件</Filter>
    </ClInclude>
    <ClInclude Include="stdafx.h">
      <Filter>头文件</Filter>
    </ClInclude>
    <ClInclude Include="targetver.h">
      <Filter>头文件</Filter>
    </ClInclude>
    <ClInclude Include="MainFrm.h">
      <Filter>头文件</Filter>
    </ClInclude>
    <ClInclude Include="CR28CADDoc.h">
      <Filter>头文件</Filter>
    </ClInclude>
    <ClInclude Include="CR28CADView.h">
      <Filter>头文件</Filter>
    </ClInclude>
    <ClInclude Include="Resource.h">
      <Filter>头文件</Filter>
    </ClInclude>
    <ClInclude Include="Cline.h">
      <Filter>Shape</Filter>
    </ClInclude>
    <ClInclude Include="Rectangle.h">
      <Filter>Shape</Filter>
    </ClInclude>
    <ClInclude Include="IShape.h">
      <Filter>Shape</Filter>
    </ClInclude>
    <ClInclude Include="PenBrushDlg.h">
      <Filter>头文件</Filter>
    </ClInclude>
    <ClInclude Include="ColorButton.h">
      <Filter>头文件</Filter>
    </ClInclude>
    <ClInclude Include="CEllipse.h">
      <Filter>Shape</Filter>
    </ClInclude>
    <ClInclude Include="OperatorManager.h">
      <Filter>Operator</Filter>
    </ClInclude>
    <ClInclude Include="IOperator.h">
      <Filter>Operator</Filter>
    </ClInclude>
    <ClInclude Include="RotateOperator.h">
      <Filter>Operator</Filter>
    </ClInclude>
    <ClInclude Include="AddOperator.h">
      <Filter>Operator</Filter>
    </ClInclude>
    <ClInclude Include="MoveOperator.h">
      <Filter>Operator</Filter>
    </ClInclude>
    <ClInclude Include="CADTreeView.h">
      <Filter>头文件</Filter>
    </ClInclude>
  </ItemGroup>
  <ItemGroup>
    <ClCompile Include="CR28CAD.cpp">
      <Filter>源文件</Filter>
    </ClCompile>
    <ClCompile Include="stdafx.cpp">
      <Filter>源文件</Filter>
    </ClCompile>
    <ClCompile Include="MainFrm.cpp">
      <Filter>源文件</Filter>
    </ClCompile>
    <ClCompile Include="CR28CADDoc.cpp">
      <Filter>源文件</Filter>
    </ClCompile>
    <ClCompile Include="CR28CADView.cpp">
      <Filter>源文件</Filter>
    </ClCompile>
    <ClCompile Include="Cline.cpp">
      <Filter>Shape</Filter>
    </ClCompile>
    <ClCompile Include="Rectangle.cpp">
      <Filter>Shape</Filter>
    </ClCompile>
    <ClCompile Include="IShape.cpp">
      <Filter>Shape</Filter>
    </ClCompile>
    <ClCompile Include="PenBrushDlg.cpp">
      <Filter>源文件</Filter>
    </ClCompile>
    <ClCompile Include="ColorButton.cpp">
      <Filter>源文件</Filter>
    </ClCompile>
    <ClCompile Include="CEllipse.cpp">
      <Filter>Shape</Filter>
    </ClCompile>
    <ClCompile Include="OperatorManager.cpp">
      <Filter>Operator</Filter>
    </ClCompile>
    <ClCompile Include="IOperator.cpp">
      <Filter>Operator</Filter>
    </ClCompile>
    <ClCompile Include="AddOperator.cpp">
      <Filter>Operator</Filter>
    </ClCompile>
    <ClCompile Include="RotateOperator.cpp">
      <Filter>Operator</Filter>
    </ClCompile>
    <ClCompile Include="MoveOperator.cpp">
      <Filter>Operator</Filter>
    </ClCompile>
    <ClCompile Include="CADTreeView.cpp">
      <Filter>源文件</Filter>
    </ClCompile>
  </ItemGroup>
  <ItemGroup>
    <ResourceCompile Include="CR28CAD.rc">
      <Filter>资源文件</Filter>
    </ResourceCompile>
  </ItemGroup>
  <ItemGroup>
    <None Include="res\CR28CAD.rc2">
      <Filter>资源文件</Filter>
    </None>
  </ItemGroup>
  <ItemGroup>
    <Image Include="res\CR28CADDoc.ico">
      <Filter>资源文件</Filter>
    </Image>
    <Image Include="res\CR28CAD.ico">
      <Filter>资源文件</Filter>
    </Image>
    <Image Include="res\Toolbar.bmp">
      <Filter>资源文件</Filter>
    </Image>
    <Image Include="res\bitmap1.bmp">
      <Filter>资源文件</Filter>
    </Image>
  </ItemGroup>
</Project>